
Microsoft Visual Studio Solution File, Format Version 12.00
# Visual Studio Version 17
VisualStudioVersion = 17.11.35327.3
MinimumVisualStudioVersion = 10.0.40219.1
Project("{FAE04EC0-301F-11D3-BF4B-00C04F79EFBC}") = "API", "API\API.csproj", "{F94BB851-0CE9-435C-8C9E-346E6267258D}"
EndProject
Project("{FAE04EC0-301F-11D3-BF4B-00C04F79EFBC}") = "Database", "Database\Database.csproj", "{C633674A-3C0A-4505-8180-241E25579BDE}"
EndProject
Project("{FAE04EC0-301F-11D3-BF4B-00C04F79EFBC}") = "Dto", "Dto\Dto.csproj", "{5DB738C1-D3B1-4B1F-8973-865607C7DDFF}"
EndProject
Project("{FAE04EC0-301F-11D3-BF4B-00C04F79EFBC}") = "Repository", "Repository\Repository.csproj", "{FC6A53CB-002A-4BEF-982B-ACD29838957E}"
EndProject
Global
	GlobalSection(SolutionConfigurationPlatforms) = preSolution
		Debug|Any CPU = Debug|Any CPU
		Release|Any CPU = Release|Any CPU
	EndGlobalSection
	GlobalSection(ProjectConfigurationPlatforms) = postSolution
		{F94BB851-0CE9-435C-8C9E-346E6267258D}.Debug|Any CPU.ActiveCfg = Debug|Any CPU
		{F94BB851-0CE9-435C-8C9E-346E6267258D}.Debug|Any CPU.Build.0 = Debug|Any CPU
		{F94BB851-0CE9-435C-8C9E-346E6267258D}.Release|Any CPU.ActiveCfg = Release|Any CPU
		{F94BB851-0CE9-435C-8C9E-346E6267258D}.Release|Any CPU.Build.0 = Release|Any CPU
		{C633674A-3C0A-4505-8180-241E25579BDE}.Debug|Any CPU.ActiveCfg = Debug|Any CPU
		{C633674A-3C0A-4505-8180-241E25579BDE}.Debug|Any CPU.Build.0 = Debug|Any CPU
		{C633674A-3C0A-4505-8180-241E25579BDE}.Release|Any CPU.ActiveCfg = Release|Any CPU
		{C633674A-3C0A-4505-8180-241E25579BDE}.Release|Any CPU.Build.0 = Release|Any CPU
		{5DB738C1-D3B1-4B1F-8973-865607C7DDFF}.Debug|Any CPU.ActiveCfg = Debug|Any CPU
		{5DB738C1-D3B1-4B1F-8973-865607C7DDFF}.Debug|Any CPU.Build.0 = Debug|Any CPU
		{5DB738C1-D3B1-4B1F-8973-865607C7DDFF}.Release|Any CPU.ActiveCfg = Release|Any CPU
		{5DB738C1-D3B1-4B1F-8973-865607C7DDFF}.Release|Any CPU.Build.0 = Release|Any CPU
		{FC6A53CB-002A-4BEF-982B-ACD29838957E}.Debug|Any CPU.ActiveCfg = Debug|Any CPU
		{FC6A53CB-002A-4BEF-982B-ACD29838957E}.Debug|Any CPU.Build.0 = Debug|Any CPU
		{FC6A53CB-002A-4BEF-982B-ACD29838957E}.Release|Any CPU.ActiveCfg = Release|Any CPU
		{FC6A53CB-002A-4BEF-982B-ACD29838957E}.Release|Any CPU.Build.0 = Release|Any CPU
	EndGlobalSection
	GlobalSection(SolutionProperties) = preSolution
		HideSolutionNode = FALSE
	EndGlobalSection
	GlobalSection(ExtensibilityGlobals) = postSolution
		SolutionGuid = {2212CC5D-1AC4-4A3A-86B6-8FF0B09532B1}
	EndGlobalSection
EndGlobal
